
Microsoft Visual Studio Solution File, Format Version 12.00
# Visual Studio 15
VisualStudioVersion = 15.0.26730.16
MinimumVisualStudioVersion = 10.0.40219.1
Project("{FAE04EC0-301F-11D3-BF4B-00C04F79EFBC}") = "tstEF6", "tstEF6\tstEF6.csproj", "{6E70D664-0E7D-4049-90C0-9DB8EDDA594C}"
EndProject
Project("{FAE04EC0-301F-11D3-BF4B-00C04F79EFBC}") = "DAL", "DAL\DAL.csproj", "{2CF3D894-7F6C-4AA2-B426-608C48B20F50}"
EndProject
Project("{FAE04EC0-301F-11D3-BF4B-00C04F79EFBC}") = "ELogger", "ELogger\ELogger.csproj", "{C06723B5-2384-4422-8B30-CEA557342D4C}"
EndProject
Project("{FAE04EC0-301F-11D3-BF4B-00C04F79EFBC}") = "BL", "BL\BL.csproj", "{FD44A992-EA12-4582-8EBA-5CCB7F7C00CA}"
EndProject
Global
	GlobalSection(SolutionConfigurationPlatforms) = preSolution
		Debug|Any CPU = Debug|Any CPU
		Release|Any CPU = Release|Any CPU
	EndGlobalSection
	GlobalSection(ProjectConfigurationPlatforms) = postSolution
		{6E70D664-0E7D-4049-90C0-9DB8EDDA594C}.Debug|Any CPU.ActiveCfg = Debug|Any CPU
		{6E70D664-0E7D-4049-90C0-9DB8EDDA594C}.Debug|Any CPU.Build.0 = Debug|Any CPU
		{6E70D664-0E7D-4049-90C0-9DB8EDDA594C}.Release|Any CPU.ActiveCfg = Release|Any CPU
		{6E70D664-0E7D-4049-90C0-9DB8EDDA594C}.Release|Any CPU.Build.0 = Release|Any CPU
		{2CF3D894-7F6C-4AA2-B426-608C48B20F50}.Debug|Any CPU.ActiveCfg = Debug|Any CPU
		{2CF3D894-7F6C-4AA2-B426-608C48B20F50}.Debug|Any CPU.Build.0 = Debug|Any CPU
		{2CF3D894-7F6C-4AA2-B426-608C48B20F50}.Release|Any CPU.ActiveCfg = Release|Any CPU
		{2CF3D894-7F6C-4AA2-B426-608C48B20F50}.Release|Any CPU.Build.0 = Release|Any CPU
		{C06723B5-2384-4422-8B30-CEA557342D4C}.Debug|Any CPU.ActiveCfg = Debug|Any CPU
		{C06723B5-2384-4422-8B30-CEA557342D4C}.Debug|Any CPU.Build.0 = Debug|Any CPU
		{C06723B5-2384-4422-8B30-CEA557342D4C}.Release|Any CPU.ActiveCfg = Release|Any CPU
		{C06723B5-2384-4422-8B30-CEA557342D4C}.Release|Any CPU.Build.0 = Release|Any CPU
		{FD44A992-EA12-4582-8EBA-5CCB7F7C00CA}.Debug|Any CPU.ActiveCfg = Debug|Any CPU
		{FD44A992-EA12-4582-8EBA-5CCB7F7C00CA}.Debug|Any CPU.Build.0 = Debug|Any CPU
		{FD44A992-EA12-4582-8EBA-5CCB7F7C00CA}.Release|Any CPU.ActiveCfg = Release|Any CPU
		{FD44A992-EA12-4582-8EBA-5CCB7F7C00CA}.Release|Any CPU.Build.0 = Release|Any CPU
	EndGlobalSection
	GlobalSection(SolutionProperties) = preSolution
		HideSolutionNode = FALSE
	EndGlobalSection
	GlobalSection(ExtensibilityGlobals) = postSolution
		SolutionGuid = {5B0A69DF-255E-446C-8A13-6212F4A7D3F3}
	EndGlobalSection
EndGlobal
